
Microsoft Visual Studio Solution File, Format Version 12.00
# Visual Studio Version 16
VisualStudioVersion = 16.0.30611.23
MinimumVisualStudioVersion = 10.0.40219.1
Project("{FAE04EC0-301F-11D3-BF4B-00C04F79EFBC}") = "Sockets programme", "Sockets programme.csproj", "{D890B82D-92E8-4564-97AA-6EA040414429}"
EndProject
Project("{FAE04EC0-301F-11D3-BF4B-00C04F79EFBC}") = "SocketServer", "..\SocketServer\SocketServer.csproj", "{6B93A9D6-36D3-451F-A5C7-D2FC389BF83A}"
EndProject
Global
	GlobalSection(SolutionConfigurationPlatforms) = preSolution
		Debug|Any CPU = Debug|Any CPU
		Release|Any CPU = Release|Any CPU
	EndGlobalSection
	GlobalSection(ProjectConfigurationPlatforms) = postSolution
		{D890B82D-92E8-4564-97AA-6EA040414429}.Debug|Any CPU.ActiveCfg = Debug|Any CPU
		{D890B82D-92E8-4564-97AA-6EA040414429}.Debug|Any CPU.Build.0 = Debug|Any CPU
		{D890B82D-92E8-4564-97AA-6EA040414429}.Release|Any CPU.ActiveCfg = Release|Any CPU
		{D890B82D-92E8-4564-97AA-6EA040414429}.Release|Any CPU.Build.0 = Release|Any CPU
		{6B93A9D6-36D3-451F-A5C7-D2FC389BF83A}.Debug|Any CPU.ActiveCfg = Debug|Any CPU
		{6B93A9D6-36D3-451F-A5C7-D2FC389BF83A}.Debug|Any CPU.Build.0 = Debug|Any CPU
		{6B93A9D6-36D3-451F-A5C7-D2FC389BF83A}.Release|Any CPU.ActiveCfg = Release|Any CPU
		{6B93A9D6-36D3-451F-A5C7-D2FC389BF83A}.Release|Any CPU.Build.0 = Release|Any CPU
	EndGlobalSection
	GlobalSection(SolutionProperties) = preSolution
		HideSolutionNode = FALSE
	EndGlobalSection
	GlobalSection(ExtensibilityGlobals) = postSolution
		SolutionGuid = {6246D068-B058-4C05-A0DF-AD292059F30F}
	EndGlobalSection
EndGlobal
